<?xml version="1.0" encoding="UTF-8" standalone="yes" ?>
<CodeBlocks_project_file>
	<FileVersion major="1" minor="6" />
	<Project>
		<Option title="JtagHost_unx" />
		<Option pch_mode="2" />
		<Option compiler="gnu_gcc_compiler_msys2-w32" />
		<Build>
			<Target title="Server (Debug)">
				<Option output="bin/Debug/JtagHost" prefix_auto="1" extension_auto="1" />
				<Option object_output="obj/Debug/" />
				<Option type="1" />
				<Option compiler="gcc" />
				<Compiler>
					<Add option="-g" />
					<Add directory="/usr/include/apr-1" />
				</Compiler>
				<Linker>
					<Add library="urjtag" />
				</Linker>
			</Target>
			<Target title="Server (Release)">
				<Option output="bin/Release/JtagHost" prefix_auto="1" extension_auto="1" />
				<Option object_output="obj/Release/" />
				<Option type="1" />
				<Option compiler="gcc" />
				<Compiler>
					<Add option="-O2" />
					<Add directory="/usr/include/apr-1" />
				</Compiler>
				<Linker>
					<Add option="-s" />
					<Add library="urjtag" />
				</Linker>
			</Target>
		</Build>
		<Compiler>
			<Add option="-Wall" />
			<Add directory="C:/msys64/mingw32/include/apr-1" />
		</Compiler>
		<Linker>
			<Add library="apr-1" />
		</Linker>
		<Unit filename="jtaghost.c">
			<Option compilerVar="CC" />
		</Unit>
		<Unit filename="jtaghost.h" />
		<Unit filename="server.c">
			<Option compilerVar="CC" />
		</Unit>
		<Extensions>
			<code_completion />
			<envvars />
			<debugger />
		</Extensions>
	</Project>
</CodeBlocks_project_file>
